{
    "_meta": {
        "hash": {
            "sha256": "a9b7212434b81500b3445b44619630548b54c2c41d7055aca1eeb39b7dada64b"
        },
        "pipfile-spec": 6,
        "requires": {
            "python_version": "3.9"
        },
        "sources": [
            {
                "name": "pypi",
                "url": "https://pypi.org/simple",
                "verify_ssl": true
            }
        ]
    },
    "default": {
        "asgiref": {
            "hashes": [
                "sha256:4ef1ab46b484e3c706329cedeff284a5d40824200638503f5768edb6de7d58e9",
                "sha256:ffc141aa908e6f175673e7b1b3b7af4fdb0ecb738fc5c8b88f69f055c2415214"
            ],
            "markers": "python_version >= '3.6'",
            "version": "==3.4.1"
        },
        "beautifulsoup4": {
            "hashes": [
                "sha256:9a315ce70049920ea4572a4055bc4bd700c940521d36fc858205ad4fcde149bf",
                "sha256:c23ad23c521d818955a4151a67d81580319d4bf548d3d49f4223ae041ff98891"
            ],
            "markers": "python_version >= '3.1'",
            "version": "==4.10.0"
        },
        "django": {
            "hashes": [
                "sha256:95b318319d6997bac3595517101ad9cc83fe5672ac498ba48d1a410f47afecd2",
                "sha256:e93c93565005b37ddebf2396b4dc4b6913c1838baa82efdfb79acedd5816c240"
            ],
            "index": "pypi",
            "version": "==3.2.7"
        },
        "django-bootstrap4": {
            "hashes": [
                "sha256:aa8a9cb5ab27cfae52a27d377a0401af268d0e4b91a5f8e660546464582cc010",
                "sha256:c5c97fb473bb56e3a91b4f4be52b74a3fc384ec3baae50dd0807fa922a55ec2b"
            ],
            "index": "pypi",
            "version": "==3.0.1"
        },
        "django-dotenv": {
            "hashes": [
                "sha256:3812bb0f4876cf31f902aad140f0645e120e51ee30eb7c40c22050f58a0e4adb",
                "sha256:a9b1b40a70bd321acd231926acedb9bd2c5e873e33a1873b34a7276d196a765e"
            ],
            "index": "pypi",
            "version": "==1.4.2"
        },
        "django-environ": {
            "hashes": [
                "sha256:20a5a3570333d3718c0a7ca834290ef850e2b96237ae4ca0a05823b3a0cb3363",
                "sha256:b99bd3704221f8b717c8517d8146e53fdee509d9e99056be560060003b92213e"
            ],
            "index": "pypi",
            "version": "==0.7.0"
        },
        "pytz": {
            "hashes": [
                "sha256:83a4a90894bf38e243cf052c8b58f381bfe9a7a483f6a9cab140bc7f702ac4da",
                "sha256:eb10ce3e7736052ed3623d49975ce333bcd712c7bb19a58b9e2089d4057d0798"
            ],
            "version": "==2021.1"
        },
        "soupsieve": {
            "hashes": [
                "sha256:052774848f448cf19c7e959adf5566904d525f33a3f8b6ba6f6f8f26ec7de0cc",
                "sha256:c2c1c2d44f158cdbddab7824a9af8c4f83c76b1e23e049479aa432feb6c4c23b"
            ],
            "markers": "python_version >= '3.6'",
            "version": "==2.2.1"
        },
        "sqlparse": {
            "hashes": [
                "sha256:0c00730c74263a94e5a9919ade150dfc3b19c574389985446148402998287dae",
                "sha256:48719e356bb8b42991bdbb1e8b83223757b93789c00910a616a071910ca4a64d"
            ],
            "markers": "python_version >= '3.5'",
            "version": "==0.4.2"
        }
    },
    "develop": {}
}
